// !$*UTF8*$!
{
	archiveVersion = 1;
	classes = {
	};
	objectVersion = 55;
	objects = {

/* Begin PBXBuildFile section */
		9107DA2C277A48050012C857 /* Card.swift in Sources */ = {isa = PBXBuildFile; fileRef = 9107DA2B277A48050012C857 /* Card.swift */; };
		9107DA2E277A48FC0012C857 /* BoardList.swift in Sources */ = {isa = PBXBuildFile; fileRef = 9107DA2D277A48FC0012C857 /* BoardList.swift */; };
		9107DA30277A4BF00012C857 /* Board.swift in Sources */ = {isa = PBXBuildFile; fileRef = 9107DA2F277A4BF00012C857 /* Board.swift */; };
		9107DA33277A676C0012C857 /* Board+Stub.swift in Sources */ = {isa = PBXBuildFile; fileRef = 9107DA32277A676C0012C857 /* Board+Stub.swift */; };
		9107DA36277A70A00012C857 /* BoardView.swift in Sources */ = {isa = PBXBuildFile; fileRef = 9107DA35277A70A00012C857 /* BoardView.swift */; };
		9107DA38277A76C40012C857 /* BoardListView.swift in Sources */ = {isa = PBXBuildFile; fileRef = 9107DA37277A76C40012C857 /* BoardListView.swift */; };
		9107DA3A277A7BF60012C857 /* CardView.swift in Sources */ = {isa = PBXBuildFile; fileRef = 9107DA39277A7BF60012C857 /* CardView.swift */; };
		9107DA3D277A7F600012C857 /* Introspect in Frameworks */ = {isa = PBXBuildFile; productRef = 9107DA3C277A7F600012C857 /* Introspect */; };
		9107DA3F277A86160012C857 /* View+AlertTextField.swift in Sources */ = {isa = PBXBuildFile; fileRef = 9107DA3E277A86160012C857 /* View+AlertTextField.swift */; };
		91EDCF6627753DB30089EFCA /* mTrelloApp.swift in Sources */ = {isa = PBXBuildFile; fileRef = 91EDCF6527753DB30089EFCA /* mTrelloApp.swift */; };
		91EDCF6A27753DB40089EFCA /* Assets.xcassets in Resources */ = {isa = PBXBuildFile; fileRef = 91EDCF6927753DB40089EFCA /* Assets.xcassets */; };
		91EDCF6D27753DB40089EFCA /* Preview Assets.xcassets in Resources */ = {isa = PBXBuildFile; fileRef = 91EDCF6C27753DB40089EFCA /* Preview Assets.xcassets */; };
/* End PBXBuildFile section */

/* Begin PBXFileReference section */
		9107DA2B277A48050012C857 /* Card.swift */ = {isa = PBXFileReference; lastKnownFileType = sourcecode.swift; path = Card.swift; sourceTree = "<group>"; };
		9107DA2D277A48FC0012C857 /* BoardList.swift */ = {isa = PBXFileReference; lastKnownFileType = sourcecode.swift; path = BoardList.swift; sourceTree = "<group>"; };
		9107DA2F277A4BF00012C857 /* Board.swift */ = {isa = PBXFileReference; lastKnownFileType = sourcecode.swift; path = Board.swift; sourceTree = "<group>"; };
		9107DA31277A66A00012C857 /* Info.plist */ = {isa = PBXFileReference; lastKnownFileType = text.plist; path = Info.plist; sourceTree = "<group>"; };
		9107DA32277A676C0012C857 /* Board+Stub.swift */ = {isa = PBXFileReference; lastKnownFileType = sourcecode.swift; path = "Board+Stub.swift"; sourceTree = "<group>"; };
		9107DA35277A70A00012C857 /* BoardView.swift */ = {isa = PBXFileReference; lastKnownFileType = sourcecode.swift; path = BoardView.swift; sourceTree = "<group>"; };
		9107DA37277A76C40012C857 /* BoardListView.swift */ = {isa = PBXFileReference; lastKnownFileType = sourcecode.swift; path = BoardListView.swift; sourceTree = "<group>"; };
		9107DA39277A7BF60012C857 /* CardView.swift */ = {isa = PBXFileReference; lastKnownFileType = sourcecode.swift; path = CardView.swift; sourceTree = "<group>"; };
		9107DA3E277A86160012C857 /* View+AlertTextField.swift */ = {isa = PBXFileReference; lastKnownFileType = sourcecode.swift; path = "View+AlertTextField.swift"; sourceTree = "<group>"; };
		91EDCF6227753DB30089EFCA /* mTrello.app */ = {isa = PBXFileReference; explicitFileType = wrapper.application; includeInIndex = 0; path = mTrello.app; sourceTree = BUILT_PRODUCTS_DIR; };
		91EDCF6527753DB30089EFCA /* mTrelloApp.swift */ = {isa = PBXFileReference; lastKnownFileType = sourcecode.swift; path = mTrelloApp.swift; sourceTree = "<group>"; };
		91EDCF6927753DB40089EFCA /* Assets.xcassets */ = {isa = PBXFileReference; lastKnownFileType = folder.assetcatalog; path = Assets.xcassets; sourceTree = "<group>"; };
		91EDCF6C27753DB40089EFCA /* Preview Assets.xcassets */ = {isa = PBXFileReference; lastKnownFileType = folder.assetcatalog; path = "Preview Assets.xcassets"; sourceTree = "<group>"; };
/* End PBXFileReference section */

/* Begin PBXFrameworksBuildPhase section */
		91EDCF5F27753DB30089EFCA /* Frameworks */ = {
			isa = PBXFrameworksBuildPhase;
			buildActionMask = 2147483647;
			files = (
				9107DA3D277A7F600012C857 /* Introspect in Frameworks */,
			);
			runOnlyForDeploymentPostprocessing = 0;
		};
/* End PBXFrameworksBuildPhase section */

/* Begin PBXGroup section */
		9107DA2A277A47DB0012C857 /* Models */ = {
			isa = PBXGroup;
			children = (
				9107DA2B277A48050012C857 /* Card.swift */,
				9107DA2D277A48FC0012C857 /* BoardList.swift */,
				9107DA2F277A4BF00012C857 /* Board.swift */,
				9107DA32277A676C0012C857 /* Board+Stub.swift */,
			);
			path = Models;
			sourceTree = "<group>";
		};
		9107DA34277A707B0012C857 /* Views */ = {
			isa = PBXGroup;
			children = (
				9107DA35277A70A00012C857 /* BoardView.swift */,
				9107DA37277A76C40012C857 /* BoardListView.swift */,
				9107DA39277A7BF60012C857 /* CardView.swift */,
				9107DA3E277A86160012C857 /* View+AlertTextField.swift */,
			);
			path = Views;
			sourceTree = "<group>";
		};
		91EDCF5927753DB30089EFCA = {
			isa = PBXGroup;
			children = (
				91EDCF6427753DB30089EFCA /* mTrello */,
				91EDCF6327753DB30089EFCA /* Products */,
			);
			sourceTree = "<group>";
		};
		91EDCF6327753DB30089EFCA /* Products */ = {
			isa = PBXGroup;
			children = (
				91EDCF6227753DB30089EFCA /* mTrello.app */,
			);
			name = Products;
			sourceTree = "<group>";
		};
		91EDCF6427753DB30089EFCA /* mTrello */ = {
			isa = PBXGroup;
			children = (
				9107DA31277A66A00012C857 /* Info.plist */,
				9107DA2A277A47DB0012C857 /* Models */,
				9107DA34277A707B0012C857 /* Views */,
				91EDCF6527753DB30089EFCA /* mTrelloApp.swift */,
				91EDCF6927753DB40089EFCA /* Assets.xcassets */,
				91EDCF6B27753DB40089EFCA /* Preview Content */,
			);
			path = mTrello;
			sourceTree = "<group>";
		};
		91EDCF6B27753DB40089EFCA /* Preview Content */ = {
			isa = PBXGroup;
			children = (
				91EDCF6C27753DB40089EFCA /* Preview Assets.xcassets */,
			);
			path = "Preview Content";
			sourceTree = "<group>";
		};
/* End PBXGroup section */

/* Begin PBXNativeTarget section */
		91EDCF6127753DB30089EFCA /* mTrello */ = {
			isa = PBXNativeTarget;
			buildConfigurationList = 91EDCF7027753DB40089EFCA /* Build configuration list for PBXNativeTarget "mTrello" */;
			buildPhases = (
				91EDCF5E27753DB30089EFCA /* Sources */,
				91EDCF5F27753DB30089EFCA /* Frameworks */,
				91EDCF6027753DB30089EFCA /* Resources */,
			);
			buildRules = (
			);
			dependencies = (
			);
			name = mTrello;
			packageProductDependencies = (
				9107DA3C277A7F600012C857 /* Introspect */,
			);
			productName = mTrello;
			productReference = 91EDCF6227753DB30089EFCA /* mTrello.app */;
			productType = "com.apple.product-type.application";
		};
/* End PBXNativeTarget section */

/* Begin PBXProject section */
		91EDCF5A27753DB30089EFCA /* Project object */ = {
			isa = PBXProject;
			attributes = {
				BuildIndependentTargetsInParallel = 1;
				LastSwiftUpdateCheck = 1320;
				LastUpgradeCheck = 1320;
				TargetAttributes = {
					91EDCF6127753DB30089EFCA = {
						CreatedOnToolsVersion = 13.2.1;
					};
				};
			};
			buildConfigurationList = 91EDCF5D27753DB30089EFCA /* Build configuration list for PBXProject "mTrello" */;
			compatibilityVersion = "Xcode 13.0";
			developmentRegion = en;
			hasScannedForEncodings = 0;
			knownRegions = (
				en,
				Base,
			);
			mainGroup = 91EDCF5927753DB30089EFCA;
			packageReferences = (
				9107DA3B277A7F600012C857 /* XCRemoteSwiftPackageReference "SwiftUI-Introspect" */,
			);
			productRefGroup = 91EDCF6327753DB30089EFCA /* Products */;
			projectDirPath = "";
			projectRoot = "";
			targets = (
				91EDCF6127753DB30089EFCA /* mTrello */,
			);
		};
/* End PBXProject section */

/* Begin PBXResourcesBuildPhase section */
		91EDCF6027753DB30089EFCA /* Resources */ = {
			isa = PBXResourcesBuildPhase;
			buildActionMask = 2147483647;
			files = (
				91EDCF6D27753DB40089EFCA /* Preview Assets.xcassets in Resources */,
				91EDCF6A27753DB40089EFCA /* Assets.xcassets in Resources */,
			);
			runOnlyForDeploymentPostprocessing = 0;
		};
/* End PBXResourcesBuildPhase section */

/* Begin PBXSourcesBuildPhase section */
		91EDCF5E27753DB30089EFCA /* Sources */ = {
			isa = PBXSourcesBuildPhase;
			buildActionMask = 2147483647;
			files = (
				9107DA3F277A86160012C857 /* View+AlertTextField.swift in Sources */,
				9107DA36277A70A00012C857 /* BoardView.swift in Sources */,
				9107DA33277A676C0012C857 /* Board+Stub.swift in Sources */,
				9107DA2C277A48050012C857 /* Card.swift in Sources */,
				9107DA30277A4BF00012C857 /* Board.swift in Sources */,
				9107DA38277A76C40012C857 /* BoardListView.swift in Sources */,
				9107DA2E277A48FC0012C857 /* BoardList.swift in Sources */,
				9107DA3A277A7BF60012C857 /* CardView.swift in Sources */,
				91EDCF6627753DB30089EFCA /* mTrelloApp.swift in Sources */,
			);
			runOnlyForDeploymentPostprocessing = 0;
		};
/* End PBXSourcesBuildPhase section */

/* Begin XCBuildConfiguration section */
		91EDCF6E27753DB40089EFCA /* Debug */ = {
			isa = XCBuildConfiguration;
			buildSettings = {
				ALWAYS_SEARCH_USER_PATHS = NO;
				CLANG_ANALYZER_NONNULL = YES;
				CLANG_ANALYZER_NUMBER_OBJECT_CONVERSION = YES_AGGRESSIVE;
				CLANG_CXX_LANGUAGE_STANDARD = "gnu++17";
				CLANG_CXX_LIBRARY = "libc++";
				CLANG_ENABLE_MODULES = YES;
				CLANG_ENABLE_OBJC_ARC = YES;
				CLANG_ENABLE_OBJC_WEAK = YES;
				CLANG_WARN_BLOCK_CAPTURE_AUTORELEASING = YES;
				CLANG_WARN_BOOL_CONVERSION = YES;
				CLANG_WARN_COMMA = YES;
				CLANG_WARN_CONSTANT_CONVERSION = YES;
				CLANG_WARN_DEPRECATED_OBJC_IMPLEMENTATIONS = YES;
				CLANG_WARN_DIRECT_OBJC_ISA_USAGE = YES_ERROR;
				CLANG_WARN_DOCUMENTATION_COMMENTS = YES;
				CLANG_WARN_EMPTY_BODY = YES;
				CLANG_WARN_ENUM_CONVERSION = YES;
				CLANG_WARN_INFINITE_RECURSION = YES;
				CLANG_WARN_INT_CONVERSION = YES;
				CLANG_WARN_NON_LITERAL_NULL_CONVERSION = YES;
				CLANG_WARN_OBJC_IMPLICIT_RETAIN_SELF = YES;
				CLANG_WARN_OBJC_LITERAL_CONVERSION = YES;
				CLANG_WARN_OBJC_ROOT_CLASS = YES_ERROR;
				CLANG_WARN_QUOTED_INCLUDE_IN_FRAMEWORK_HEADER = YES;
				CLANG_WARN_RANGE_LOOP_ANALYSIS = YES;
				CLANG_WARN_STRICT_PROTOTYPES = YES;
				CLANG_WARN_SUSPICIOUS_MOVE = YES;
				CLANG_WARN_UNGUARDED_AVAILABILITY = YES_AGGRESSIVE;
				CLANG_WARN_UNREACHABLE_CODE = YES;
				CLANG_WARN__DUPLICATE_METHOD_MATCH = YES;
				COPY_PHASE_STRIP = NO;
				DEBUG_INFORMATION_FORMAT = dwarf;
				ENABLE_STRICT_OBJC_MSGSEND = YES;
				ENABLE_TESTABILITY = YES;
				GCC_C_LANGUAGE_STANDARD = gnu11;
				GCC_DYNAMIC_NO_PIC = NO;
				GCC_NO_COMMON_BLOCKS = YES;
				GCC_OPTIMIZATION_LEVEL = 0;
				GCC_PREPROCESSOR_DEFINITIONS = (
					"DEBUG=1",
					"$(inherited)",
				);
				GCC_WARN_64_TO_32_BIT_CONVERSION = YES;
				GCC_WARN_ABOUT_RETURN_TYPE = YES_ERROR;
				GCC_WARN_UNDECLARED_SELECTOR = YES;
				GCC_WARN_UNINITIALIZED_AUTOS = YES_AGGRESSIVE;
				GCC_WARN_UNUSED_FUNCTION = YES;
				GCC_WARN_UNUSED_VARIABLE = YES;
				IPHONEOS_DEPLOYMENT_TARGET = 15.2;
				MTL_ENABLE_DEBUG_INFO = INCLUDE_SOURCE;
				MTL_FAST_MATH = YES;
				ONLY_ACTIVE_ARCH = YES;
				SDKROOT = iphoneos;
				SWIFT_ACTIVE_COMPILATION_CONDITIONS = DEBUG;
				SWIFT_OPTIMIZATION_LEVEL = "-Onone";
			};
			name = Debug;
		};
		91EDCF6F27753DB40089EFCA /* Release */ = {
			isa = XCBuildConfiguration;
			buildSettings = {
				ALWAYS_SEARCH_USER_PATHS = NO;
				CLANG_ANALYZER_NONNULL = YES;
				CLANG_ANALYZER_NUMBER_OBJECT_CONVERSION = YES_AGGRESSIVE;
				CLANG_CXX_LANGUAGE_STANDARD = "gnu++17";
				CLANG_CXX_LIBRARY = "libc++";
				CLANG_ENABLE_MODULES = YES;
				CLANG_ENABLE_OBJC_ARC = YES;
				CLANG_ENABLE_OBJC_WEAK = YES;
				CLANG_WARN_BLOCK_CAPTURE_AUTORELEASING = YES;
				CLANG_WARN_BOOL_CONVERSION = YES;
				CLANG_WARN_COMMA = YES;
				CLANG_WARN_CONSTANT_CONVERSION = YES;
				CLANG_WARN_DEPRECATED_OBJC_IMPLEMENTATIONS = YES;
				CLANG_WARN_DIRECT_OBJC_ISA_USAGE = YES_ERROR;
				CLANG_WARN_DOCUMENTATION_COMMENTS = YES;
				CLANG_WARN_EMPTY_BODY = YES;
				CLANG_WARN_ENUM_CONVERSION = YES;
				CLANG_WARN_INFINITE_RECURSION = YES;
				CLANG_WARN_INT_CONVERSION = YES;
				CLANG_WARN_NON_LITERAL_NULL_CONVERSION = YES;
				CLANG_WARN_OBJC_IMPLICIT_RETAIN_SELF = YES;
				CLANG_WARN_OBJC_LITERAL_CONVERSION = YES;
				CLANG_WARN_OBJC_ROOT_CLASS = YES_ERROR;
				CLANG_WARN_QUOTED_INCLUDE_IN_FRAMEWORK_HEADER = YES;
				CLANG_WARN_RANGE_LOOP_ANALYSIS = YES;
				CLANG_WARN_STRICT_PROTOTYPES = YES;
				CLANG_WARN_SUSPICIOUS_MOVE = YES;
				CLANG_WARN_UNGUARDED_AVAILABILITY = YES_AGGRESSIVE;
				CLANG_WARN_UNREACHABLE_CODE = YES;
				CLANG_WARN__DUPLICATE_METHOD_MATCH = YES;
				COPY_PHASE_STRIP = NO;
				DEBUG_INFORMATION_FORMAT = "dwarf-with-dsym";
				ENABLE_NS_ASSERTIONS = NO;
				ENABLE_STRICT_OBJC_MSGSEND = YES;
				GCC_C_LANGUAGE_STANDARD = gnu11;
				GCC_NO_COMMON_BLOCKS = YES;
				GCC_WARN_64_TO_32_BIT_CONVERSION = YES;
				GCC_WARN_ABOUT_RETURN_TYPE = YES_ERROR;
				GCC_WARN_UNDECLARED_SELECTOR = YES;
				GCC_WARN_UNINITIALIZED_AUTOS = YES_AGGRESSIVE;
				GCC_WARN_UNUSED_FUNCTION = YES;
				GCC_WARN_UNUSED_VARIABLE = YES;
				IPHONEOS_DEPLOYMENT_TARGET = 15.2;
				MTL_ENABLE_DEBUG_INFO = NO;
				MTL_FAST_MATH = YES;
				SDKROOT = iphoneos;
				SWIFT_COMPILATION_MODE = wholemodule;
				SWIFT_OPTIMIZATION_LEVEL = "-O";
				VALIDATE_PRODUCT = YES;
			};
			name = Release;
		};
		91EDCF7127753DB40089EFCA /* Debug */ = {
			isa = XCBuildConfiguration;
			buildSettings = {
				ASSETCATALOG_COMPILER_APPICON_NAME = AppIcon;
				ASSETCATALOG_COMPILER_GLOBAL_ACCENT_COLOR_NAME = AccentColor;
				CODE_SIGN_STYLE = Automatic;
				CURRENT_PROJECT_VERSION = 1;
				DEVELOPMENT_ASSET_PATHS = "\"mTrello/Preview Content\"";
				DEVELOPMENT_TEAM = 9527LC56YN;
				ENABLE_PREVIEWS = YES;
				GENERATE_INFOPLIST_FILE = YES;
				INFOPLIST_FILE = mTrello/Info.plist;
				INFOPLIST_KEY_UIApplicationSceneManifest_Generation = YES;
				INFOPLIST_KEY_UIApplicationSupportsIndirectInputEvents = YES;
				INFOPLIST_KEY_UILaunchScreen_Generation = YES;
				INFOPLIST_KEY_UISupportedInterfaceOrientations_iPad = "UIInterfaceOrientationPortrait UIInterfaceOrientationPortraitUpsideDown UIInterfaceOrientationLandscapeLeft UIInterfaceOrientationLandscapeRight";
				INFOPLIST_KEY_UISupportedInterfaceOrientations_iPhone = "UIInterfaceOrientationPortrait UIInterfaceOrientationLandscapeLeft UIInterfaceOrientationLandscapeRight";
				LD_RUNPATH_SEARCH_PATHS = (
					"$(inherited)",
					"@executable_path/Frameworks",
				);
				MARKETING_VERSION = 1.0;
				PRODUCT_BUNDLE_IDENTIFIER = com.RobisonSoftwareDevelopment.mTrello;
				PRODUCT_NAME = "$(TARGET_NAME)";
				SWIFT_EMIT_LOC_STRINGS = YES;
				SWIFT_VERSION = 5.0;
				TARGETED_DEVICE_FAMILY = "1,2";
			};
			name = Debug;
		};
		91EDCF7227753DB40089EFCA /* Release */ = {
			isa = XCBuildConfiguration;
			buildSettings = {
				ASSETCATALOG_COMPILER_APPICON_NAME = AppIcon;
				ASSETCATALOG_COMPILER_GLOBAL_ACCENT_COLOR_NAME = AccentColor;
				CODE_SIGN_STYLE = Automatic;
				CURRENT_PROJECT_VERSION = 1;
				DEVELOPMENT_ASSET_PATHS = "\"mTrello/Preview Content\"";
				DEVELOPMENT_TEAM = 9527LC56YN;
				ENABLE_PREVIEWS = YES;
				GENERATE_INFOPLIST_FILE = YES;
				INFOPLIST_FILE = mTrello/Info.plist;
				INFOPLIST_KEY_UIApplicationSceneManifest_Generation = YES;
				INFOPLIST_KEY_UIApplicationSupportsIndirectInputEvents = YES;
				INFOPLIST_KEY_UILaunchScreen_Generation = YES;
				INFOPLIST_KEY_UISupportedInterfaceOrientations_iPad = "UIInterfaceOrientationPortrait UIInterfaceOrientationPortraitUpsideDown UIInterfaceOrientationLandscapeLeft UIInterfaceOrientationLandscapeRight";
				INFOPLIST_KEY_UISupportedInterfaceOrientations_iPhone = "UIInterfaceOrientationPortrait UIInterfaceOrientationLandscapeLeft UIInterfaceOrientationLandscapeRight";
				LD_RUNPATH_SEARCH_PATHS = (
					"$(inherited)",
					"@executable_path/Frameworks",
				);
				MARKETING_VERSION = 1.0;
				PRODUCT_BUNDLE_IDENTIFIER = com.RobisonSoftwareDevelopment.mTrello;
				PRODUCT_NAME = "$(TARGET_NAME)";
				SWIFT_EMIT_LOC_STRINGS = YES;
				SWIFT_VERSION = 5.0;
				TARGETED_DEVICE_FAMILY = "1,2";
			};
			name = Release;
		};
/* End XCBuildConfiguration section */

/* Begin XCConfigurationList section */
		91EDCF5D27753DB30089EFCA /* Build configuration list for PBXProject "mTrello" */ = {
			isa = XCConfigurationList;
			buildConfigurations = (
				91EDCF6E27753DB40089EFCA /* Debug */,
				91EDCF6F27753DB40089EFCA /* Release */,
			);
			defaultConfigurationIsVisible = 0;
			defaultConfigurationName = Release;
		};
		91EDCF7027753DB40089EFCA /* Build configuration list for PBXNativeTarget "mTrello" */ = {
			isa = XCConfigurationList;
			buildConfigurations = (
				91EDCF7127753DB40089EFCA /* Debug */,
				91EDCF7227753DB40089EFCA /* Release */,
			);
			defaultConfigurationIsVisible = 0;
			defaultConfigurationName = Release;
		};
/* End XCConfigurationList section */

/* Begin XCRemoteSwiftPackageReference section */
		9107DA3B277A7F600012C857 /* XCRemoteSwiftPackageReference "SwiftUI-Introspect" */ = {
			isa = XCRemoteSwiftPackageReference;
			repositoryURL = "https://github.com/siteline/SwiftUI-Introspect.git";
			requirement = {
				kind = upToNextMajorVersion;
				minimumVersion = 0.1.3;
			};
		};
/* End XCRemoteSwiftPackageReference section */

/* Begin XCSwiftPackageProductDependency section */
		9107DA3C277A7F600012C857 /* Introspect */ = {
			isa = XCSwiftPackageProductDependency;
			package = 9107DA3B277A7F600012C857 /* XCRemoteSwiftPackageReference "SwiftUI-Introspect" */;
			productName = Introspect;
		};
/* End XCSwiftPackageProductDependency section */
	};
	rootObject = 91EDCF5A27753DB30089EFCA /* Project object */;
}
